
Microsoft Visual Studio Solution File, Format Version 12.00
# Visual Studio 14
VisualStudioVersion = 14.0.25420.1
MinimumVisualStudioVersion = 10.0.40219.1
Project("{159641D6-6404-4A2A-AE62-294DE0FE8301}") = "Ace-Claims-Dev-DB02.Ace-P2", "Ace-Claims-Dev-DB02.Ace-P2\Ace-Claims-Dev-DB02.Ace-P2.dtproj", "{20B122B9-3A5A-4835-BEFB-A5931BECD399}"
EndProject
Global
	GlobalSection(SolutionConfigurationPlatforms) = preSolution
		Development|Default = Development|Default
	EndGlobalSection
	GlobalSection(ProjectConfigurationPlatforms) = postSolution
		{20B122B9-3A5A-4835-BEFB-A5931BECD399}.Development|Default.ActiveCfg = Development
		{20B122B9-3A5A-4835-BEFB-A5931BECD399}.Development|Default.Build.0 = Development
	EndGlobalSection
	GlobalSection(SolutionProperties) = preSolution
		HideSolutionNode = FALSE
	EndGlobalSection
EndGlobal
